dependencies:
  espressif/esp-zboss-lib:
    component_hash: 321883d142421f65009972408287441794250057668a11abbdfd8bec77c3309a
    dependencies:
    - name: idf
      require: private
      version: '>=5.0'
    source:
      registry_url: https://components.espressif.com/
      type: service
    version: 1.6.4
  espressif/esp-zigbee-lib:
    component_hash: 76fad74d3720df73383d7fa7469b62c3261e853ee24c59933dc6d74e707f277e
    dependencies:
    - name: idf
      require: private
      version: '>=5.0'
    source:
      registry_url: https://components.espressif.com/
      type: service
    version: 1.6.6
  idf:
    source:
      type: idf
    version: 5.5.0
direct_dependencies:
- espressif/esp-zboss-lib
- espressif/esp-zigbee-lib
- idf
manifest_hash: b5cc473d2be906c91c9be7fe22229ae8428299d5c37a428f0f15d1340c384cc7
target: esp32c6
version: 2.0.0
